
Microsoft Visual Studio Solution File, Format Version 12.00
# Visual Studio 15
VisualStudioVersion = 15.0.28307.329
MinimumVisualStudioVersion = 10.0.40219.1
Project("{F184B08F-C81C-45F6-A57F-5ABD9991F28F}") = "functions", "functions\functions.vbproj", "{FF490BFF-771D-4C2F-8AE8-2C02C8BC3B26}"
EndProject
Global
	GlobalSection(SolutionConfigurationPlatforms) = preSolution
		Debug|Any CPU = Debug|Any CPU
		Release|Any CPU = Release|Any CPU
	EndGlobalSection
	GlobalSection(ProjectConfigurationPlatforms) = postSolution
		{FF490BFF-771D-4C2F-8AE8-2C02C8BC3B26}.Debug|Any CPU.ActiveCfg = Debug|Any CPU
		{FF490BFF-771D-4C2F-8AE8-2C02C8BC3B26}.Debug|Any CPU.Build.0 = Debug|Any CPU
		{FF490BFF-771D-4C2F-8AE8-2C02C8BC3B26}.Release|Any CPU.ActiveCfg = Release|Any CPU
		{FF490BFF-771D-4C2F-8AE8-2C02C8BC3B26}.Release|Any CPU.Build.0 = Release|Any CPU
	EndGlobalSection
	GlobalSection(SolutionProperties) = preSolution
		HideSolutionNode = FALSE
	EndGlobalSection
	GlobalSection(ExtensibilityGlobals) = postSolution
		SolutionGuid = {17C3B6B1-174A-488A-8A8A-4A8118015EFA}
	EndGlobalSection
EndGlobal
