
Microsoft Visual Studio Solution File, Format Version 12.00
# Visual Studio 15
VisualStudioVersion = 15.0.28307.329
MinimumVisualStudioVersion = 10.0.40219.1
Project("{F184B08F-C81C-45F6-A57F-5ABD9991F28F}") = "bakerijPol", "bakerijPol\bakerijPol.vbproj", "{4A6A4EA4-00AB-4E93-A760-0FFB13A6999C}"
EndProject
Global
	GlobalSection(SolutionConfigurationPlatforms) = preSolution
		Debug|Any CPU = Debug|Any CPU
		Release|Any CPU = Release|Any CPU
	EndGlobalSection
	GlobalSection(ProjectConfigurationPlatforms) = postSolution
		{4A6A4EA4-00AB-4E93-A760-0FFB13A6999C}.Debug|Any CPU.ActiveCfg = Debug|Any CPU
		{4A6A4EA4-00AB-4E93-A760-0FFB13A6999C}.Debug|Any CPU.Build.0 = Debug|Any CPU
		{4A6A4EA4-00AB-4E93-A760-0FFB13A6999C}.Release|Any CPU.ActiveCfg = Release|Any CPU
		{4A6A4EA4-00AB-4E93-A760-0FFB13A6999C}.Release|Any CPU.Build.0 = Release|Any CPU
	EndGlobalSection
	GlobalSection(SolutionProperties) = preSolution
		HideSolutionNode = FALSE
	EndGlobalSection
	GlobalSection(ExtensibilityGlobals) = postSolution
		SolutionGuid = {277A3CD0-0A07-44AA-A6AC-952B87BBC085}
	EndGlobalSection
EndGlobal
